version = 1
revision = 3
requires-python = ">=3.13"

[[package]]
name = "particle-life"
version = "1.0.0"
source = { virtual = "." }
dependencies = [
    { name = "pygame-ce" },
]

[package.metadata]
requires-dist = [{ name = "pygame-ce", specifier = ">=2.5.6" }]

[[package]]
name = "pygame-ce"
version = "2.5.6"
source = { registry = "https://pypi.org/simple" }
sdist = { url = "https://files.pythonhosted.org/packages/f1/a0/8199f0e96f43d94b79a74116a20b4937648bd26117e11d8994b1169a9120/pygame_ce-2.5.6.tar.gz", hash = "sha256:d3d019309d1e76fd19978b01753e8576bd76c66411ac7a4885785f95e68dc261", size = 5901071, upload-time = "2025-10-19T13:09:06.225Z" }
wheels = [
    { url = "https://files.pythonhosted.org/packages/fd/c4/b2a2b259d05ea90840d62b2dd61b5005d891fd82fde7e05f59ecc3a9de8f/pygame_ce-2.5.6-cp313-cp313-macosx_10_13_x86_64.whl", hash = "sha256:a83710528f2a90a026fca9caee390779842d5486ca3d48d4d1213060e5d41083", size = 12478496, upload-time = "2025-10-19T13:08:07.499Z" },
    { url = "https://files.pythonhosted.org/packages/33/1d/8c14e5789fb0b4a7a8b6817b46690362f072da6c8307140de10f70fbf588/pygame_ce-2.5.6-cp313-cp313-macosx_11_0_arm64.whl", hash = "sha256:971b86e48acdf37aaf9782560088c0949ca7ec3aea33827c74f4d4c4bc04c367", size = 11722973, upload-time = "2025-10-19T13:08:09.552Z" },
    { url = "https://files.pythonhosted.org/packages/2e/fd/255b8233c690a68d3b68d299868fd51b5f6f509ae67453b6c21c3e27330a/pygame_ce-2.5.6-cp313-cp313-manylinux2014_aarch64.manylinux_2_17_aarch64.whl", hash = "sha256:92050fd16b62b20779b6ec2fb867bc8261e5499be967ed2aa7ff6a76b7735791", size = 12396847, upload-time = "2025-10-19T13:08:11.808Z" },
    { url = "https://files.pythonhosted.org/packages/79/aa/af9d6ac848670c3ecc96c7dc0c91cff43e5d9b6605a9c208a45fa570d50e/pygame_ce-2.5.6-cp313-cp313-manylinux2014_i686.manylinux_2_17_i686.whl", hash = "sha256:45b01f49d35dbc8a66bbbcd06ab83312625850bcc2d9ae528b5b15130b733a43", size = 12934541, upload-time = "2025-10-19T13:08:14.406Z" },
    { url = "https://files.pythonhosted.org/packages/61/28/b13cc306693e917b9a4b746ccad2615fa43d8f4f2373e28104edc33f6f8f/pygame_ce-2.5.6-cp313-cp313-manylinux2014_x86_64.manylinux_2_17_x86_64.whl", hash = "sha256:d811bba090fbb10d6a1c4d6917350da5a6a585630605833fa91499480b72bfcf", size = 12552091, upload-time = "2025-10-19T13:08:16.738Z" },
    { url = "https://files.pythonhosted.org/packages/15/28/bae79f3e5a862838e297f5725b52777781fa9507872321444afec31158e1/pygame_ce-2.5.6-cp313-cp313-win32.whl", hash = "sha256:283c7dc231387d05b294b2f72513bd767af91277a64900d10f4efb0b731f4d13", size = 9843196, upload-time = "2025-10-19T13:08:18.708Z" },
    { url = "https://files.pythonhosted.org/packages/2d/d9/1d16eff301bda4b22d1d19eda966cfbc9bf174648e4af85dee8c5ffb72cf/pygame_ce-2.5.6-cp313-cp313-win_amd64.whl", hash = "sha256:c38f17313b27ad97f0578ba863972b6e1fe22b1ec8568af6c7785b5bd55d21e1", size = 10422176, upload-time = "2025-10-19T13:08:20.985Z" },
    { url = "https://files.pythonhosted.org/packages/c1/7a/085e270baa9266ee2c0fb2a9adcaf00fc7ff33ce9025a099623437f8ddc9/pygame_ce-2.5.6-cp314-cp314-macosx_10_15_x86_64.whl", hash = "sha256:e341d53222fc5749a5fda1c331d9f167f2f90050eacc0c636d5f576791497d2e", size = 12485715, upload-time = "2025-10-19T13:08:23.051Z" },
    { url = "https://files.pythonhosted.org/packages/2c/c6/662f002804c5cd87384e7ffc5c9cbf9cc480b5e81ff18a6b98b454067abb/pygame_ce-2.5.6-cp314-cp314-macosx_11_0_arm64.whl", hash = "sha256:fda10bdba288386850b0a4c4cc22c5073efe667cd6a7426fb9f54203219f84dd", size = 11724914, upload-time = "2025-10-19T13:08:25.197Z" },
    { url = "https://files.pythonhosted.org/packages/bd/c7/147bfaa1be052c1a6db7f1d062296e23ce03c8ea8d136bf478fccaed456c/pygame_ce-2.5.6-cp314-cp314-manylinux2014_aarch64.manylinux_2_17_aarch64.whl", hash = "sha256:6889bb8a38f5d80c3f45c58480fa069cc94c07cf679b20a23e925e27f129ce2e", size = 12401943, upload-time = "2025-10-19T13:08:27.285Z" },
    { url = "https://files.pythonhosted.org/packages/23/03/1d07c3db18cee2ef4d478403c4c11d0486ff267f91ad6e3104478064207b/pygame_ce-2.5.6-cp314-cp314-manylinux2014_i686.manylinux_2_17_i686.whl", hash = "sha256:ed1337e78cc0d3c1ee205fdf99e0b77237a2958119a6c9b03758a138889e00fd", size = 12934781, upload-time = "2025-10-19T13:08:29.329Z" },
    { url = "https://files.pythonhosted.org/packages/3a/98/e5cd3053eac63d6a2622c654d4b09977375939beda34d203f064dac5dfd9/pygame_ce-2.5.6-cp314-cp314-manylinux2014_x86_64.manylinux_2_17_x86_64.whl", hash = "sha256:266f976feb1a61bf19163416897189e6e7a8f78c362576a0afa214ffb7f1d18e", size = 12553880, upload-time = "2025-10-19T13:08:31.833Z" },
    { url = "https://files.pythonhosted.org/packages/58/a9/90b806a7bb24bdea638603ff6c3dc0debc8e29012ae389172943579761c7/pygame_ce-2.5.6-cp314-cp314-win32.whl", hash = "sha256:c73ce70c63ab45f778fdc9d10d27077f9cfc49d1fa4ea1ae0e5eca514b47b683", size = 9975637, upload-time = "2025-10-19T13:08:34.417Z" },
    { url = "https://files.pythonhosted.org/packages/87/1b/d9f180e142273dcef180ad3274213eba13ad76f335434979e584fbd57278/pygame_ce-2.5.6-cp314-cp314-win_amd64.whl", hash = "sha256:9579c4283fd644798632aac20d65282a2e7efcdf0f79b7c545fdeda372381e30", size = 10589621, upload-time = "2025-10-19T13:08:36.676Z" },
]
